
Microsoft Visual Studio Solution File, Format Version 11.00
# Visual Studio 2010
Project("{FAE04EC0-301F-11D3-BF4B-00C04F79EFBC}") = "SignalRChat", "SignalRChat\SignalRChat.csproj", "{6D8756B3-F56E-47DE-B2DA-8DB8A8998B2A}"
EndProject
Project("{FAE04EC0-301F-11D3-BF4B-00C04F79EFBC}") = "SignalRChat.Tests", "SignalRChat.Tests\SignalRChat.Tests.csproj", "{3E175A58-7121-4D0D-8A0D-7526065D79E2}"
EndProject
Global
	GlobalSection(SolutionConfigurationPlatforms) = preSolution
		Debug|Any CPU = Debug|Any CPU
		Release|Any CPU = Release|Any CPU
	EndGlobalSection
	GlobalSection(ProjectConfigurationPlatforms) = postSolution
		{6D8756B3-F56E-47DE-B2DA-8DB8A8998B2A}.Debug|Any CPU.ActiveCfg = Debug|Any CPU
		{6D8756B3-F56E-47DE-B2DA-8DB8A8998B2A}.Debug|Any CPU.Build.0 = Debug|Any CPU
		{6D8756B3-F56E-47DE-B2DA-8DB8A8998B2A}.Release|Any CPU.ActiveCfg = Release|Any CPU
		{6D8756B3-F56E-47DE-B2DA-8DB8A8998B2A}.Release|Any CPU.Build.0 = Release|Any CPU
		{3E175A58-7121-4D0D-8A0D-7526065D79E2}.Debug|Any CPU.ActiveCfg = Debug|Any CPU
		{3E175A58-7121-4D0D-8A0D-7526065D79E2}.Debug|Any CPU.Build.0 = Debug|Any CPU
		{3E175A58-7121-4D0D-8A0D-7526065D79E2}.Release|Any CPU.ActiveCfg = Release|Any CPU
		{3E175A58-7121-4D0D-8A0D-7526065D79E2}.Release|Any CPU.Build.0 = Release|Any CPU
	EndGlobalSection
	GlobalSection(SolutionProperties) = preSolution
		HideSolutionNode = FALSE
	EndGlobalSection
EndGlobal
